
Microsoft Visual Studio Solution File, Format Version 12.00
# Visual Studio 14
VisualStudioVersion = 14.0.25123.0
MinimumVisualStudioVersion = 10.0.40219.1
Project("{F184B08F-C81C-45F6-A57F-5ABD9991F28F}") = "+Microsoft.VisualBasic.Architecture.Framework", "..\..\VisualBasic_AppFramework\Microsoft.VisualBasic.Architecture.Framework\+Microsoft.VisualBasic.Architecture.Framework.vbproj", "{FECCE1FD-E1D4-49E3-A668-60BB5E7AED99}"
EndProject
Project("{F184B08F-C81C-45F6-A57F-5ABD9991F28F}") = "+VB_Tabular.DataFrame", "..\..\VisualBasic_AppFramework\DocumentFormats\VB_DataFrame\+VB_Tabular.DataFrame.vbproj", "{7283C179-F852-4EAD-8D8F-B82EF2CBD7DB}"
EndProject
Project("{F184B08F-C81C-45F6-A57F-5ABD9991F28F}") = "DocumentFormat.MarkupLanguage", "..\..\VisualBasic_AppFramework\DocumentFormats\VB_HTML\VB_HTML\DocumentFormat.MarkupLanguage.vbproj", "{2DD4BE80-DDC3-4767-94A7-10F1C3395716}"
EndProject
Project("{F184B08F-C81C-45F6-A57F-5ABD9991F28F}") = "Datavisualization.Network", "..\..\VisualBasic_AppFramework\Datavisualization\Datavisualization.Network\Datavisualization.Network\Datavisualization.Network.vbproj", "{076315EE-B598-40DC-9280-C71CDF9B6A48}"
EndProject
Project("{F184B08F-C81C-45F6-A57F-5ABD9991F28F}") = "Microsoft.VisualBasic.Imaging", "..\..\VisualBasic_AppFramework\Datavisualization\Microsoft.VisualBasic.Imaging\Microsoft.VisualBasic.Imaging.vbproj", "{85E71B4B-9276-4EC8-AADC-C849205F1EA8}"
EndProject
Project("{F184B08F-C81C-45F6-A57F-5ABD9991F28F}") = "NetworkCanvas", "..\..\VisualBasic_AppFramework\Datavisualization\Datavisualization.Network\NetworkCanvas\NetworkCanvas.vbproj", "{EF70BED6-8795-4523-A260-C1ABED9405AA}"
EndProject
Project("{F184B08F-C81C-45F6-A57F-5ABD9991F28F}") = "Microsoft.VisualBasic.DataMining.Framework", "..\..\VisualBasic_AppFramework\Microsoft.VisualBasic.DataMining.Framework\Microsoft.VisualBasic.DataMining.Framework.vbproj", "{4B877AB2-E15F-4AA9-B7D6-7C11B2213F10}"
EndProject
Project("{F184B08F-C81C-45F6-A57F-5ABD9991F28F}") = "Microsoft.VisualBasic.DataMining.Framework.DynamicProgramming", "..\..\VisualBasic_AppFramework\Microsoft.VisualBasic.DataMining.Framework.DynamicProgramming\Microsoft.VisualBasic.DataMining.Framework.DynamicProgramming.vbproj", "{A903B744-C08D-4869-BC35-3DD25E36AA16}"
EndProject
Project("{2150E333-8FDC-42A3-9474-1A3956D46DE8}") = "vb_app", "vb_app", "{0BEB78F2-22B2-4A54-AA31-F859C521B2D6}"
EndProject
Project("{2150E333-8FDC-42A3-9474-1A3956D46DE8}") = "gcmodeller_kernel", "gcmodeller_kernel", "{77FB918C-EFCA-4B49-954A-E604BA8F25C4}"
EndProject
Project("{F184B08F-C81C-45F6-A57F-5ABD9991F28F}") = "Bio.Assembly", "..\..\GCModeller.Core\Bio.Assembly\Bio.Assembly.vbproj", "{C699D311-9923-4C19-BF70-5048D0E2CF5D}"
EndProject
Project("{F184B08F-C81C-45F6-A57F-5ABD9991F28F}") = "Bio.Repository", "..\..\GCModeller.Core\Bio.Repository\Bio.Repository.vbproj", "{216ACC2D-C7A5-4C27-9DC9-BDFA4DBB6A37}"
EndProject
Project("{F184B08F-C81C-45F6-A57F-5ABD9991F28F}") = "Bio.Resources", "..\..\GCModeller.Core\Bio.Resources\Bio.Resources.vbproj", "{E4221BEB-10FD-47D4-9B21-4D2EBBB498F5}"
EndProject
Project("{2150E333-8FDC-42A3-9474-1A3956D46DE8}") = "localblast", "localblast", "{8C09C6CE-58D6-4BB3-AB98-DE07D48F3356}"
EndProject
Project("{F184B08F-C81C-45F6-A57F-5ABD9991F28F}") = "LANS.SystemsBiology.NCBI.Extensions", "..\..\localblast\LocalBLAST\LANS.SystemsBiology.NCBI.Extensions.vbproj", "{C6B843B8-F990-4FAF-98DE-A20EFC8B69F7}"
EndProject
Project("{F184B08F-C81C-45F6-A57F-5ABD9991F28F}") = "Localblast.Extensions.VennDiagram", "..\..\localblast\Localblast.Extensions.VennDiagram\Localblast.Extensions.VennDiagram.vbproj", "{2E8A689A-3BEC-4504-9D02-80082C732653}"
EndProject
Project("{F184B08F-C81C-45F6-A57F-5ABD9991F28F}") = "localblast", "..\..\localblast\Tools\localblast.vbproj", "{DB85640A-0767-4B91-983E-66738D81BD6D}"
EndProject
Global
	GlobalSection(SharedMSBuildProjectFiles) = preSolution
		..\..\GCModeller\GCI Project\Settings\Shared\Settings.FileSystem\Settings.FileSystem.projitems*{2e8a689a-3bec-4504-9d02-80082c732653}*SharedItemsImports = 4
		..\..\GCModeller\GCI Project\Settings\Shared\Settings.Configuration\Settings.Configuration.projitems*{2e8a689a-3bec-4504-9d02-80082c732653}*SharedItemsImports = 4
		..\..\GCModeller\GCI Project\Settings\Shared\Settings.FileSystem\Settings.FileSystem.projitems*{db85640a-0767-4b91-983e-66738d81bd6d}*SharedItemsImports = 4
		..\..\GCModeller\GCI Project\Settings\Shared\Settings.Configuration\Settings.Configuration.projitems*{db85640a-0767-4b91-983e-66738d81bd6d}*SharedItemsImports = 4
		..\..\VisualBasic_AppFramework\Microsoft.VisualBasic.DataMining.Framework.DynamicProgramming\DP_lib\DP_lib.projitems*{a903b744-c08d-4869-bc35-3dd25e36aa16}*SharedItemsImports = 4
	EndGlobalSection
	GlobalSection(SolutionConfigurationPlatforms) = preSolution
		Debug|Any CPU = Debug|Any CPU
		Debug|x64 = Debug|x64
		Debug|x86 = Debug|x86
		Publish|Any CPU = Publish|Any CPU
		Publish|x64 = Publish|x64
		Publish|x86 = Publish|x86
		Release|Any CPU = Release|Any CPU
		Release|x64 = Release|x64
		Release|x86 = Release|x86
	EndGlobalSection
	GlobalSection(ProjectConfigurationPlatforms) = postSolution
		{FECCE1FD-E1D4-49E3-A668-60BB5E7AED99}.Debug|Any CPU.ActiveCfg = Debug|Any CPU
		{FECCE1FD-E1D4-49E3-A668-60BB5E7AED99}.Debug|Any CPU.Build.0 = Debug|Any CPU
		{FECCE1FD-E1D4-49E3-A668-60BB5E7AED99}.Debug|x64.ActiveCfg = Debug|x64
		{FECCE1FD-E1D4-49E3-A668-60BB5E7AED99}.Debug|x64.Build.0 = Debug|x64
		{FECCE1FD-E1D4-49E3-A668-60BB5E7AED99}.Debug|x86.ActiveCfg = Debug|x86
		{FECCE1FD-E1D4-49E3-A668-60BB5E7AED99}.Debug|x86.Build.0 = Debug|x86
		{FECCE1FD-E1D4-49E3-A668-60BB5E7AED99}.Publish|Any CPU.ActiveCfg = Publish|Any CPU
		{FECCE1FD-E1D4-49E3-A668-60BB5E7AED99}.Publish|Any CPU.Build.0 = Publish|Any CPU
		{FECCE1FD-E1D4-49E3-A668-60BB5E7AED99}.Publish|x64.ActiveCfg = Publish|x64
		{FECCE1FD-E1D4-49E3-A668-60BB5E7AED99}.Publish|x64.Build.0 = Publish|x64
		{FECCE1FD-E1D4-49E3-A668-60BB5E7AED99}.Publish|x86.ActiveCfg = Publish|x86
		{FECCE1FD-E1D4-49E3-A668-60BB5E7AED99}.Publish|x86.Build.0 = Publish|x86
		{FECCE1FD-E1D4-49E3-A668-60BB5E7AED99}.Release|Any CPU.ActiveCfg = Release|Any CPU
		{FECCE1FD-E1D4-49E3-A668-60BB5E7AED99}.Release|Any CPU.Build.0 = Release|Any CPU
		{FECCE1FD-E1D4-49E3-A668-60BB5E7AED99}.Release|x64.ActiveCfg = Release|x64
		{FECCE1FD-E1D4-49E3-A668-60BB5E7AED99}.Release|x64.Build.0 = Release|x64
		{FECCE1FD-E1D4-49E3-A668-60BB5E7AED99}.Release|x86.ActiveCfg = Release|x86
		{FECCE1FD-E1D4-49E3-A668-60BB5E7AED99}.Release|x86.Build.0 = Release|x86
		{7283C179-F852-4EAD-8D8F-B82EF2CBD7DB}.Debug|Any CPU.ActiveCfg = Debug|Any CPU
		{7283C179-F852-4EAD-8D8F-B82EF2CBD7DB}.Debug|Any CPU.Build.0 = Debug|Any CPU
		{7283C179-F852-4EAD-8D8F-B82EF2CBD7DB}.Debug|x64.ActiveCfg = Debug|x64
		{7283C179-F852-4EAD-8D8F-B82EF2CBD7DB}.Debug|x64.Build.0 = Debug|x64
		{7283C179-F852-4EAD-8D8F-B82EF2CBD7DB}.Debug|x86.ActiveCfg = Debug|x86
		{7283C179-F852-4EAD-8D8F-B82EF2CBD7DB}.Debug|x86.Build.0 = Debug|x86
		{7283C179-F852-4EAD-8D8F-B82EF2CBD7DB}.Publish|Any CPU.ActiveCfg = Publish|Any CPU
		{7283C179-F852-4EAD-8D8F-B82EF2CBD7DB}.Publish|Any CPU.Build.0 = Publish|Any CPU
		{7283C179-F852-4EAD-8D8F-B82EF2CBD7DB}.Publish|x64.ActiveCfg = Publish|x64
		{7283C179-F852-4EAD-8D8F-B82EF2CBD7DB}.Publish|x64.Build.0 = Publish|x64
		{7283C179-F852-4EAD-8D8F-B82EF2CBD7DB}.Publish|x86.ActiveCfg = Publish|x86
		{7283C179-F852-4EAD-8D8F-B82EF2CBD7DB}.Publish|x86.Build.0 = Publish|x86
		{7283C179-F852-4EAD-8D8F-B82EF2CBD7DB}.Release|Any CPU.ActiveCfg = Release|Any CPU
		{7283C179-F852-4EAD-8D8F-B82EF2CBD7DB}.Release|Any CPU.Build.0 = Release|Any CPU
		{7283C179-F852-4EAD-8D8F-B82EF2CBD7DB}.Release|x64.ActiveCfg = Release|x64
		{7283C179-F852-4EAD-8D8F-B82EF2CBD7DB}.Release|x64.Build.0 = Release|x64
		{7283C179-F852-4EAD-8D8F-B82EF2CBD7DB}.Release|x86.ActiveCfg = Release|x86
		{7283C179-F852-4EAD-8D8F-B82EF2CBD7DB}.Release|x86.Build.0 = Release|x86
		{2DD4BE80-DDC3-4767-94A7-10F1C3395716}.Debug|Any CPU.ActiveCfg = Debug|Any CPU
		{2DD4BE80-DDC3-4767-94A7-10F1C3395716}.Debug|Any CPU.Build.0 = Debug|Any CPU
		{2DD4BE80-DDC3-4767-94A7-10F1C3395716}.Debug|x64.ActiveCfg = Debug|x64
		{2DD4BE80-DDC3-4767-94A7-10F1C3395716}.Debug|x64.Build.0 = Debug|x64
		{2DD4BE80-DDC3-4767-94A7-10F1C3395716}.Debug|x86.ActiveCfg = Debug|x86
		{2DD4BE80-DDC3-4767-94A7-10F1C3395716}.Debug|x86.Build.0 = Debug|x86
		{2DD4BE80-DDC3-4767-94A7-10F1C3395716}.Publish|Any CPU.ActiveCfg = Publish|Any CPU
		{2DD4BE80-DDC3-4767-94A7-10F1C3395716}.Publish|Any CPU.Build.0 = Publish|Any CPU
		{2DD4BE80-DDC3-4767-94A7-10F1C3395716}.Publish|x64.ActiveCfg = Publish|x64
		{2DD4BE80-DDC3-4767-94A7-10F1C3395716}.Publish|x64.Build.0 = Publish|x64
		{2DD4BE80-DDC3-4767-94A7-10F1C3395716}.Publish|x86.ActiveCfg = Publish|x86
		{2DD4BE80-DDC3-4767-94A7-10F1C3395716}.Publish|x86.Build.0 = Publish|x86
		{2DD4BE80-DDC3-4767-94A7-10F1C3395716}.Release|Any CPU.ActiveCfg = Release|Any CPU
		{2DD4BE80-DDC3-4767-94A7-10F1C3395716}.Release|Any CPU.Build.0 = Release|Any CPU
		{2DD4BE80-DDC3-4767-94A7-10F1C3395716}.Release|x64.ActiveCfg = Release|x64
		{2DD4BE80-DDC3-4767-94A7-10F1C3395716}.Release|x64.Build.0 = Release|x64
		{2DD4BE80-DDC3-4767-94A7-10F1C3395716}.Release|x86.ActiveCfg = Release|x86
		{2DD4BE80-DDC3-4767-94A7-10F1C3395716}.Release|x86.Build.0 = Release|x86
		{076315EE-B598-40DC-9280-C71CDF9B6A48}.Debug|Any CPU.ActiveCfg = Debug|Any CPU
		{076315EE-B598-40DC-9280-C71CDF9B6A48}.Debug|Any CPU.Build.0 = Debug|Any CPU
		{076315EE-B598-40DC-9280-C71CDF9B6A48}.Debug|x64.ActiveCfg = Debug|x64
		{076315EE-B598-40DC-9280-C71CDF9B6A48}.Debug|x64.Build.0 = Debug|x64
		{076315EE-B598-40DC-9280-C71CDF9B6A48}.Debug|x86.ActiveCfg = Debug|x86
		{076315EE-B598-40DC-9280-C71CDF9B6A48}.Debug|x86.Build.0 = Debug|x86
		{076315EE-B598-40DC-9280-C71CDF9B6A48}.Publish|Any CPU.ActiveCfg = Publish|Any CPU
		{076315EE-B598-40DC-9280-C71CDF9B6A48}.Publish|Any CPU.Build.0 = Publish|Any CPU
		{076315EE-B598-40DC-9280-C71CDF9B6A48}.Publish|x64.ActiveCfg = Publish|x64
		{076315EE-B598-40DC-9280-C71CDF9B6A48}.Publish|x64.Build.0 = Publish|x64
		{076315EE-B598-40DC-9280-C71CDF9B6A48}.Publish|x86.ActiveCfg = Publish|x86
		{076315EE-B598-40DC-9280-C71CDF9B6A48}.Publish|x86.Build.0 = Publish|x86
		{076315EE-B598-40DC-9280-C71CDF9B6A48}.Release|Any CPU.ActiveCfg = Release|Any CPU
		{076315EE-B598-40DC-9280-C71CDF9B6A48}.Release|Any CPU.Build.0 = Release|Any CPU
		{076315EE-B598-40DC-9280-C71CDF9B6A48}.Release|x64.ActiveCfg = Release|x64
		{076315EE-B598-40DC-9280-C71CDF9B6A48}.Release|x64.Build.0 = Release|x64
		{076315EE-B598-40DC-9280-C71CDF9B6A48}.Release|x86.ActiveCfg = Release|x86
		{076315EE-B598-40DC-9280-C71CDF9B6A48}.Release|x86.Build.0 = Release|x86
		{85E71B4B-9276-4EC8-AADC-C849205F1EA8}.Debug|Any CPU.ActiveCfg = Debug|Any CPU
		{85E71B4B-9276-4EC8-AADC-C849205F1EA8}.Debug|Any CPU.Build.0 = Debug|Any CPU
		{85E71B4B-9276-4EC8-AADC-C849205F1EA8}.Debug|x64.ActiveCfg = Debug|x64
		{85E71B4B-9276-4EC8-AADC-C849205F1EA8}.Debug|x64.Build.0 = Debug|x64
		{85E71B4B-9276-4EC8-AADC-C849205F1EA8}.Debug|x86.ActiveCfg = Debug|x86
		{85E71B4B-9276-4EC8-AADC-C849205F1EA8}.Debug|x86.Build.0 = Debug|x86
		{85E71B4B-9276-4EC8-AADC-C849205F1EA8}.Publish|Any CPU.ActiveCfg = Publish|Any CPU
		{85E71B4B-9276-4EC8-AADC-C849205F1EA8}.Publish|Any CPU.Build.0 = Publish|Any CPU
		{85E71B4B-9276-4EC8-AADC-C849205F1EA8}.Publish|x64.ActiveCfg = Publish|x64
		{85E71B4B-9276-4EC8-AADC-C849205F1EA8}.Publish|x64.Build.0 = Publish|x64
		{85E71B4B-9276-4EC8-AADC-C849205F1EA8}.Publish|x86.ActiveCfg = Publish|x86
		{85E71B4B-9276-4EC8-AADC-C849205F1EA8}.Publish|x86.Build.0 = Publish|x86
		{85E71B4B-9276-4EC8-AADC-C849205F1EA8}.Release|Any CPU.ActiveCfg = Release|Any CPU
		{85E71B4B-9276-4EC8-AADC-C849205F1EA8}.Release|Any CPU.Build.0 = Release|Any CPU
		{85E71B4B-9276-4EC8-AADC-C849205F1EA8}.Release|x64.ActiveCfg = Release|x64
		{85E71B4B-9276-4EC8-AADC-C849205F1EA8}.Release|x64.Build.0 = Release|x64
		{85E71B4B-9276-4EC8-AADC-C849205F1EA8}.Release|x86.ActiveCfg = Release|x86
		{85E71B4B-9276-4EC8-AADC-C849205F1EA8}.Release|x86.Build.0 = Release|x86
		{EF70BED6-8795-4523-A260-C1ABED9405AA}.Debug|Any CPU.ActiveCfg = Debug|Any CPU
		{EF70BED6-8795-4523-A260-C1ABED9405AA}.Debug|Any CPU.Build.0 = Debug|Any CPU
		{EF70BED6-8795-4523-A260-C1ABED9405AA}.Debug|x64.ActiveCfg = Debug|x64
		{EF70BED6-8795-4523-A260-C1ABED9405AA}.Debug|x64.Build.0 = Debug|x64
		{EF70BED6-8795-4523-A260-C1ABED9405AA}.Debug|x86.ActiveCfg = Debug|Any CPU
		{EF70BED6-8795-4523-A260-C1ABED9405AA}.Debug|x86.Build.0 = Debug|Any CPU
		{EF70BED6-8795-4523-A260-C1ABED9405AA}.Publish|Any CPU.ActiveCfg = Publish|Any CPU
		{EF70BED6-8795-4523-A260-C1ABED9405AA}.Publish|Any CPU.Build.0 = Publish|Any CPU
		{EF70BED6-8795-4523-A260-C1ABED9405AA}.Publish|x64.ActiveCfg = Publish|x64
		{EF70BED6-8795-4523-A260-C1ABED9405AA}.Publish|x64.Build.0 = Publish|x64
		{EF70BED6-8795-4523-A260-C1ABED9405AA}.Publish|x86.ActiveCfg = Publish|x86
		{EF70BED6-8795-4523-A260-C1ABED9405AA}.Publish|x86.Build.0 = Publish|x86
		{EF70BED6-8795-4523-A260-C1ABED9405AA}.Release|Any CPU.ActiveCfg = Release|Any CPU
		{EF70BED6-8795-4523-A260-C1ABED9405AA}.Release|Any CPU.Build.0 = Release|Any CPU
		{EF70BED6-8795-4523-A260-C1ABED9405AA}.Release|x64.ActiveCfg = Release|x64
		{EF70BED6-8795-4523-A260-C1ABED9405AA}.Release|x64.Build.0 = Release|x64
		{EF70BED6-8795-4523-A260-C1ABED9405AA}.Release|x86.ActiveCfg = Release|Any CPU
		{EF70BED6-8795-4523-A260-C1ABED9405AA}.Release|x86.Build.0 = Release|Any CPU
		{4B877AB2-E15F-4AA9-B7D6-7C11B2213F10}.Debug|Any CPU.ActiveCfg = Debug|Any CPU
		{4B877AB2-E15F-4AA9-B7D6-7C11B2213F10}.Debug|Any CPU.Build.0 = Debug|Any CPU
		{4B877AB2-E15F-4AA9-B7D6-7C11B2213F10}.Debug|x64.ActiveCfg = Debug|x64
		{4B877AB2-E15F-4AA9-B7D6-7C11B2213F10}.Debug|x64.Build.0 = Debug|x64
		{4B877AB2-E15F-4AA9-B7D6-7C11B2213F10}.Debug|x86.ActiveCfg = Debug|x86
		{4B877AB2-E15F-4AA9-B7D6-7C11B2213F10}.Debug|x86.Build.0 = Debug|x86
		{4B877AB2-E15F-4AA9-B7D6-7C11B2213F10}.Publish|Any CPU.ActiveCfg = Publish|Any CPU
		{4B877AB2-E15F-4AA9-B7D6-7C11B2213F10}.Publish|Any CPU.Build.0 = Publish|Any CPU
		{4B877AB2-E15F-4AA9-B7D6-7C11B2213F10}.Publish|x64.ActiveCfg = Publish|x64
		{4B877AB2-E15F-4AA9-B7D6-7C11B2213F10}.Publish|x64.Build.0 = Publish|x64
		{4B877AB2-E15F-4AA9-B7D6-7C11B2213F10}.Publish|x86.ActiveCfg = Publish|x86
		{4B877AB2-E15F-4AA9-B7D6-7C11B2213F10}.Publish|x86.Build.0 = Publish|x86
		{4B877AB2-E15F-4AA9-B7D6-7C11B2213F10}.Release|Any CPU.ActiveCfg = Release|Any CPU
		{4B877AB2-E15F-4AA9-B7D6-7C11B2213F10}.Release|Any CPU.Build.0 = Release|Any CPU
		{4B877AB2-E15F-4AA9-B7D6-7C11B2213F10}.Release|x64.ActiveCfg = Release|x64
		{4B877AB2-E15F-4AA9-B7D6-7C11B2213F10}.Release|x64.Build.0 = Release|x64
		{4B877AB2-E15F-4AA9-B7D6-7C11B2213F10}.Release|x86.ActiveCfg = Release|x86
		{4B877AB2-E15F-4AA9-B7D6-7C11B2213F10}.Release|x86.Build.0 = Release|x86
		{A903B744-C08D-4869-BC35-3DD25E36AA16}.Debug|Any CPU.ActiveCfg = Debug|Any CPU
		{A903B744-C08D-4869-BC35-3DD25E36AA16}.Debug|Any CPU.Build.0 = Debug|Any CPU
		{A903B744-C08D-4869-BC35-3DD25E36AA16}.Debug|x64.ActiveCfg = Debug|Any CPU
		{A903B744-C08D-4869-BC35-3DD25E36AA16}.Debug|x64.Build.0 = Debug|Any CPU
		{A903B744-C08D-4869-BC35-3DD25E36AA16}.Debug|x86.ActiveCfg = Debug|Any CPU
		{A903B744-C08D-4869-BC35-3DD25E36AA16}.Debug|x86.Build.0 = Debug|Any CPU
		{A903B744-C08D-4869-BC35-3DD25E36AA16}.Publish|Any CPU.ActiveCfg = Release|Any CPU
		{A903B744-C08D-4869-BC35-3DD25E36AA16}.Publish|Any CPU.Build.0 = Release|Any CPU
		{A903B744-C08D-4869-BC35-3DD25E36AA16}.Publish|x64.ActiveCfg = Publish|x64
		{A903B744-C08D-4869-BC35-3DD25E36AA16}.Publish|x64.Build.0 = Publish|x64
		{A903B744-C08D-4869-BC35-3DD25E36AA16}.Publish|x86.ActiveCfg = Publish|x86
		{A903B744-C08D-4869-BC35-3DD25E36AA16}.Publish|x86.Build.0 = Publish|x86
		{A903B744-C08D-4869-BC35-3DD25E36AA16}.Release|Any CPU.ActiveCfg = Release|Any CPU
		{A903B744-C08D-4869-BC35-3DD25E36AA16}.Release|Any CPU.Build.0 = Release|Any CPU
		{A903B744-C08D-4869-BC35-3DD25E36AA16}.Release|x64.ActiveCfg = Release|Any CPU
		{A903B744-C08D-4869-BC35-3DD25E36AA16}.Release|x64.Build.0 = Release|Any CPU
		{A903B744-C08D-4869-BC35-3DD25E36AA16}.Release|x86.ActiveCfg = Release|Any CPU
		{A903B744-C08D-4869-BC35-3DD25E36AA16}.Release|x86.Build.0 = Release|Any CPU
		{C699D311-9923-4C19-BF70-5048D0E2CF5D}.Debug|Any CPU.ActiveCfg = Debug|Any CPU
		{C699D311-9923-4C19-BF70-5048D0E2CF5D}.Debug|Any CPU.Build.0 = Debug|Any CPU
		{C699D311-9923-4C19-BF70-5048D0E2CF5D}.Debug|x64.ActiveCfg = Debug|x64
		{C699D311-9923-4C19-BF70-5048D0E2CF5D}.Debug|x64.Build.0 = Debug|x64
		{C699D311-9923-4C19-BF70-5048D0E2CF5D}.Debug|x86.ActiveCfg = Debug|x86
		{C699D311-9923-4C19-BF70-5048D0E2CF5D}.Debug|x86.Build.0 = Debug|x86
		{C699D311-9923-4C19-BF70-5048D0E2CF5D}.Publish|Any CPU.ActiveCfg = Publish|Any CPU
		{C699D311-9923-4C19-BF70-5048D0E2CF5D}.Publish|Any CPU.Build.0 = Publish|Any CPU
		{C699D311-9923-4C19-BF70-5048D0E2CF5D}.Publish|x64.ActiveCfg = Publish|x64
		{C699D311-9923-4C19-BF70-5048D0E2CF5D}.Publish|x64.Build.0 = Publish|x64
		{C699D311-9923-4C19-BF70-5048D0E2CF5D}.Publish|x86.ActiveCfg = Publish|x86
		{C699D311-9923-4C19-BF70-5048D0E2CF5D}.Publish|x86.Build.0 = Publish|x86
		{C699D311-9923-4C19-BF70-5048D0E2CF5D}.Release|Any CPU.ActiveCfg = Release|Any CPU
		{C699D311-9923-4C19-BF70-5048D0E2CF5D}.Release|Any CPU.Build.0 = Release|Any CPU
		{C699D311-9923-4C19-BF70-5048D0E2CF5D}.Release|x64.ActiveCfg = Release|x64
		{C699D311-9923-4C19-BF70-5048D0E2CF5D}.Release|x64.Build.0 = Release|x64
		{C699D311-9923-4C19-BF70-5048D0E2CF5D}.Release|x86.ActiveCfg = Release|x86
		{C699D311-9923-4C19-BF70-5048D0E2CF5D}.Release|x86.Build.0 = Release|x86
		{216ACC2D-C7A5-4C27-9DC9-BDFA4DBB6A37}.Debug|Any CPU.ActiveCfg = Debug|Any CPU
		{216ACC2D-C7A5-4C27-9DC9-BDFA4DBB6A37}.Debug|Any CPU.Build.0 = Debug|Any CPU
		{216ACC2D-C7A5-4C27-9DC9-BDFA4DBB6A37}.Debug|x64.ActiveCfg = Debug|x64
		{216ACC2D-C7A5-4C27-9DC9-BDFA4DBB6A37}.Debug|x64.Build.0 = Debug|x64
		{216ACC2D-C7A5-4C27-9DC9-BDFA4DBB6A37}.Debug|x86.ActiveCfg = Debug|x86
		{216ACC2D-C7A5-4C27-9DC9-BDFA4DBB6A37}.Debug|x86.Build.0 = Debug|x86
		{216ACC2D-C7A5-4C27-9DC9-BDFA4DBB6A37}.Publish|Any CPU.ActiveCfg = Publish|Any CPU
		{216ACC2D-C7A5-4C27-9DC9-BDFA4DBB6A37}.Publish|Any CPU.Build.0 = Publish|Any CPU
		{216ACC2D-C7A5-4C27-9DC9-BDFA4DBB6A37}.Publish|x64.ActiveCfg = Publish|x64
		{216ACC2D-C7A5-4C27-9DC9-BDFA4DBB6A37}.Publish|x64.Build.0 = Publish|x64
		{216ACC2D-C7A5-4C27-9DC9-BDFA4DBB6A37}.Publish|x86.ActiveCfg = Publish|x86
		{216ACC2D-C7A5-4C27-9DC9-BDFA4DBB6A37}.Publish|x86.Build.0 = Publish|x86
		{216ACC2D-C7A5-4C27-9DC9-BDFA4DBB6A37}.Release|Any CPU.ActiveCfg = Release|Any CPU
		{216ACC2D-C7A5-4C27-9DC9-BDFA4DBB6A37}.Release|Any CPU.Build.0 = Release|Any CPU
		{216ACC2D-C7A5-4C27-9DC9-BDFA4DBB6A37}.Release|x64.ActiveCfg = Release|x64
		{216ACC2D-C7A5-4C27-9DC9-BDFA4DBB6A37}.Release|x64.Build.0 = Release|x64
		{216ACC2D-C7A5-4C27-9DC9-BDFA4DBB6A37}.Release|x86.ActiveCfg = Release|x86
		{216ACC2D-C7A5-4C27-9DC9-BDFA4DBB6A37}.Release|x86.Build.0 = Release|x86
		{E4221BEB-10FD-47D4-9B21-4D2EBBB498F5}.Debug|Any CPU.ActiveCfg = Debug|Any CPU
		{E4221BEB-10FD-47D4-9B21-4D2EBBB498F5}.Debug|Any CPU.Build.0 = Debug|Any CPU
		{E4221BEB-10FD-47D4-9B21-4D2EBBB498F5}.Debug|x64.ActiveCfg = Debug|x64
		{E4221BEB-10FD-47D4-9B21-4D2EBBB498F5}.Debug|x64.Build.0 = Debug|x64
		{E4221BEB-10FD-47D4-9B21-4D2EBBB498F5}.Debug|x86.ActiveCfg = Debug|x86
		{E4221BEB-10FD-47D4-9B21-4D2EBBB498F5}.Debug|x86.Build.0 = Debug|x86
		{E4221BEB-10FD-47D4-9B21-4D2EBBB498F5}.Publish|Any CPU.ActiveCfg = Publish|Any CPU
		{E4221BEB-10FD-47D4-9B21-4D2EBBB498F5}.Publish|Any CPU.Build.0 = Publish|Any CPU
		{E4221BEB-10FD-47D4-9B21-4D2EBBB498F5}.Publish|x64.ActiveCfg = Publish|x64
		{E4221BEB-10FD-47D4-9B21-4D2EBBB498F5}.Publish|x64.Build.0 = Publish|x64
		{E4221BEB-10FD-47D4-9B21-4D2EBBB498F5}.Publish|x86.ActiveCfg = Publish|x86
		{E4221BEB-10FD-47D4-9B21-4D2EBBB498F5}.Publish|x86.Build.0 = Publish|x86
		{E4221BEB-10FD-47D4-9B21-4D2EBBB498F5}.Release|Any CPU.ActiveCfg = Release|Any CPU
		{E4221BEB-10FD-47D4-9B21-4D2EBBB498F5}.Release|Any CPU.Build.0 = Release|Any CPU
		{E4221BEB-10FD-47D4-9B21-4D2EBBB498F5}.Release|x64.ActiveCfg = Release|x64
		{E4221BEB-10FD-47D4-9B21-4D2EBBB498F5}.Release|x64.Build.0 = Release|x64
		{E4221BEB-10FD-47D4-9B21-4D2EBBB498F5}.Release|x86.ActiveCfg = Release|x86
		{E4221BEB-10FD-47D4-9B21-4D2EBBB498F5}.Release|x86.Build.0 = Release|x86
		{C6B843B8-F990-4FAF-98DE-A20EFC8B69F7}.Debug|Any CPU.ActiveCfg = Debug|Any CPU
		{C6B843B8-F990-4FAF-98DE-A20EFC8B69F7}.Debug|Any CPU.Build.0 = Debug|Any CPU
		{C6B843B8-F990-4FAF-98DE-A20EFC8B69F7}.Debug|x64.ActiveCfg = Debug|x64
		{C6B843B8-F990-4FAF-98DE-A20EFC8B69F7}.Debug|x64.Build.0 = Debug|x64
		{C6B843B8-F990-4FAF-98DE-A20EFC8B69F7}.Debug|x86.ActiveCfg = Debug|x86
		{C6B843B8-F990-4FAF-98DE-A20EFC8B69F7}.Debug|x86.Build.0 = Debug|x86
		{C6B843B8-F990-4FAF-98DE-A20EFC8B69F7}.Publish|Any CPU.ActiveCfg = Publish|Any CPU
		{C6B843B8-F990-4FAF-98DE-A20EFC8B69F7}.Publish|Any CPU.Build.0 = Publish|Any CPU
		{C6B843B8-F990-4FAF-98DE-A20EFC8B69F7}.Publish|x64.ActiveCfg = Publish|x64
		{C6B843B8-F990-4FAF-98DE-A20EFC8B69F7}.Publish|x64.Build.0 = Publish|x64
		{C6B843B8-F990-4FAF-98DE-A20EFC8B69F7}.Publish|x86.ActiveCfg = Publish|x86
		{C6B843B8-F990-4FAF-98DE-A20EFC8B69F7}.Publish|x86.Build.0 = Publish|x86
		{C6B843B8-F990-4FAF-98DE-A20EFC8B69F7}.Release|Any CPU.ActiveCfg = Release|Any CPU
		{C6B843B8-F990-4FAF-98DE-A20EFC8B69F7}.Release|Any CPU.Build.0 = Release|Any CPU
		{C6B843B8-F990-4FAF-98DE-A20EFC8B69F7}.Release|x64.ActiveCfg = Release|x64
		{C6B843B8-F990-4FAF-98DE-A20EFC8B69F7}.Release|x64.Build.0 = Release|x64
		{C6B843B8-F990-4FAF-98DE-A20EFC8B69F7}.Release|x86.ActiveCfg = Release|x86
		{C6B843B8-F990-4FAF-98DE-A20EFC8B69F7}.Release|x86.Build.0 = Release|x86
		{2E8A689A-3BEC-4504-9D02-80082C732653}.Debug|Any CPU.ActiveCfg = Debug|Any CPU
		{2E8A689A-3BEC-4504-9D02-80082C732653}.Debug|Any CPU.Build.0 = Debug|Any CPU
		{2E8A689A-3BEC-4504-9D02-80082C732653}.Debug|x64.ActiveCfg = Debug|x64
		{2E8A689A-3BEC-4504-9D02-80082C732653}.Debug|x64.Build.0 = Debug|x64
		{2E8A689A-3BEC-4504-9D02-80082C732653}.Debug|x86.ActiveCfg = Debug|x86
		{2E8A689A-3BEC-4504-9D02-80082C732653}.Debug|x86.Build.0 = Debug|x86
		{2E8A689A-3BEC-4504-9D02-80082C732653}.Publish|Any CPU.ActiveCfg = Publish|Any CPU
		{2E8A689A-3BEC-4504-9D02-80082C732653}.Publish|Any CPU.Build.0 = Publish|Any CPU
		{2E8A689A-3BEC-4504-9D02-80082C732653}.Publish|x64.ActiveCfg = Publish|x64
		{2E8A689A-3BEC-4504-9D02-80082C732653}.Publish|x64.Build.0 = Publish|x64
		{2E8A689A-3BEC-4504-9D02-80082C732653}.Publish|x86.ActiveCfg = Publish|x86
		{2E8A689A-3BEC-4504-9D02-80082C732653}.Publish|x86.Build.0 = Publish|x86
		{2E8A689A-3BEC-4504-9D02-80082C732653}.Release|Any CPU.ActiveCfg = Release|Any CPU
		{2E8A689A-3BEC-4504-9D02-80082C732653}.Release|Any CPU.Build.0 = Release|Any CPU
		{2E8A689A-3BEC-4504-9D02-80082C732653}.Release|x64.ActiveCfg = Release|x64
		{2E8A689A-3BEC-4504-9D02-80082C732653}.Release|x64.Build.0 = Release|x64
		{2E8A689A-3BEC-4504-9D02-80082C732653}.Release|x86.ActiveCfg = Release|x86
		{2E8A689A-3BEC-4504-9D02-80082C732653}.Release|x86.Build.0 = Release|x86
		{DB85640A-0767-4B91-983E-66738D81BD6D}.Debug|Any CPU.ActiveCfg = Debug|Any CPU
		{DB85640A-0767-4B91-983E-66738D81BD6D}.Debug|Any CPU.Build.0 = Debug|Any CPU
		{DB85640A-0767-4B91-983E-66738D81BD6D}.Debug|x64.ActiveCfg = Debug|x64
		{DB85640A-0767-4B91-983E-66738D81BD6D}.Debug|x64.Build.0 = Debug|x64
		{DB85640A-0767-4B91-983E-66738D81BD6D}.Debug|x86.ActiveCfg = Debug|x86
		{DB85640A-0767-4B91-983E-66738D81BD6D}.Debug|x86.Build.0 = Debug|x86
		{DB85640A-0767-4B91-983E-66738D81BD6D}.Publish|Any CPU.ActiveCfg = Publish|Any CPU
		{DB85640A-0767-4B91-983E-66738D81BD6D}.Publish|Any CPU.Build.0 = Publish|Any CPU
		{DB85640A-0767-4B91-983E-66738D81BD6D}.Publish|x64.ActiveCfg = Publish|x64
		{DB85640A-0767-4B91-983E-66738D81BD6D}.Publish|x64.Build.0 = Publish|x64
		{DB85640A-0767-4B91-983E-66738D81BD6D}.Publish|x86.ActiveCfg = Publish|x86
		{DB85640A-0767-4B91-983E-66738D81BD6D}.Publish|x86.Build.0 = Publish|x86
		{DB85640A-0767-4B91-983E-66738D81BD6D}.Release|Any CPU.ActiveCfg = Release|Any CPU
		{DB85640A-0767-4B91-983E-66738D81BD6D}.Release|Any CPU.Build.0 = Release|Any CPU
		{DB85640A-0767-4B91-983E-66738D81BD6D}.Release|x64.ActiveCfg = Release|x64
		{DB85640A-0767-4B91-983E-66738D81BD6D}.Release|x64.Build.0 = Release|x64
		{DB85640A-0767-4B91-983E-66738D81BD6D}.Release|x86.ActiveCfg = Release|x86
		{DB85640A-0767-4B91-983E-66738D81BD6D}.Release|x86.Build.0 = Release|x86
	EndGlobalSection
	GlobalSection(SolutionProperties) = preSolution
		HideSolutionNode = FALSE
	EndGlobalSection
	GlobalSection(NestedProjects) = preSolution
		{FECCE1FD-E1D4-49E3-A668-60BB5E7AED99} = {0BEB78F2-22B2-4A54-AA31-F859C521B2D6}
		{7283C179-F852-4EAD-8D8F-B82EF2CBD7DB} = {0BEB78F2-22B2-4A54-AA31-F859C521B2D6}
		{2DD4BE80-DDC3-4767-94A7-10F1C3395716} = {0BEB78F2-22B2-4A54-AA31-F859C521B2D6}
		{076315EE-B598-40DC-9280-C71CDF9B6A48} = {0BEB78F2-22B2-4A54-AA31-F859C521B2D6}
		{85E71B4B-9276-4EC8-AADC-C849205F1EA8} = {0BEB78F2-22B2-4A54-AA31-F859C521B2D6}
		{EF70BED6-8795-4523-A260-C1ABED9405AA} = {0BEB78F2-22B2-4A54-AA31-F859C521B2D6}
		{4B877AB2-E15F-4AA9-B7D6-7C11B2213F10} = {0BEB78F2-22B2-4A54-AA31-F859C521B2D6}
		{A903B744-C08D-4869-BC35-3DD25E36AA16} = {0BEB78F2-22B2-4A54-AA31-F859C521B2D6}
		{C699D311-9923-4C19-BF70-5048D0E2CF5D} = {77FB918C-EFCA-4B49-954A-E604BA8F25C4}
		{216ACC2D-C7A5-4C27-9DC9-BDFA4DBB6A37} = {77FB918C-EFCA-4B49-954A-E604BA8F25C4}
		{E4221BEB-10FD-47D4-9B21-4D2EBBB498F5} = {77FB918C-EFCA-4B49-954A-E604BA8F25C4}
		{C6B843B8-F990-4FAF-98DE-A20EFC8B69F7} = {8C09C6CE-58D6-4BB3-AB98-DE07D48F3356}
		{2E8A689A-3BEC-4504-9D02-80082C732653} = {8C09C6CE-58D6-4BB3-AB98-DE07D48F3356}
		{DB85640A-0767-4B91-983E-66738D81BD6D} = {8C09C6CE-58D6-4BB3-AB98-DE07D48F3356}
	EndGlobalSection
EndGlobal
